
Microsoft Visual Studio Solution File, Format Version 12.00
# Visual Studio Version 16
VisualStudioVersion = 16.0.29905.134
MinimumVisualStudioVersion = 10.0.40219.1
Project("{2150E333-8FDC-42A3-9474-1A3956D46DE8}") = "src", "src", "{7F960724-CB04-4EDC-84DC-ED5544209EA6}"
EndProject
Project("{2150E333-8FDC-42A3-9474-1A3956D46DE8}") = "building blocks", "building blocks", "{3C280183-8151-4089-8BB0-43715384FD68}"
EndProject
Project("{2150E333-8FDC-42A3-9474-1A3956D46DE8}") = "services", "services", "{57C914D9-98F8-4C20-9A39-AC4C22043207}"
EndProject
Project("{2150E333-8FDC-42A3-9474-1A3956D46DE8}") = "web", "web", "{8FA2A3A7-E385-4D39-95F4-E0CD9CA010EC}"
EndProject
Project("{9A19103F-16F7-4668-BE54-9A1E7A4F7556}") = "LZMotel.Identidade.API", "src\services\LZMotel.Identidade.API\LZMotel.Identidade.API.csproj", "{DD67405C-D12F-4267-924B-1B26A8DA370C}"
EndProject
Project("{9A19103F-16F7-4668-BE54-9A1E7A4F7556}") = "LZMotel.Estoque.API", "src\services\LZMotel.Estoque.API\LZMotel.Estoque.API.csproj", "{643BE14D-8CB2-4EBA-882B-B47CCBFDAF87}"
EndProject
Project("{9A19103F-16F7-4668-BE54-9A1E7A4F7556}") = "LZMotel.CatalagoUso.API", "src\services\LZMotel.CatalagoUso.API\LZMotel.CatalagoUso.API.csproj", "{EBA5F7B8-7A1C-443C-B76F-276AFA507F2A}"
EndProject
Project("{9A19103F-16F7-4668-BE54-9A1E7A4F7556}") = "LZMotel.Fornecedor.API", "src\services\LZMotel.Fornecedor.API\LZMotel.Fornecedor.API.csproj", "{79711A6C-7A9B-403B-87E8-73D5AF020015}"
EndProject
Project("{9A19103F-16F7-4668-BE54-9A1E7A4F7556}") = "LZMotel.Comanda.API", "src\services\LZMotel.Comanda.API\LZMotel.Comanda.API.csproj", "{19429F2B-DD2F-42EF-8EC3-4BE87109D752}"
EndProject
Project("{9A19103F-16F7-4668-BE54-9A1E7A4F7556}") = "LZMotel.Pagamento.API", "src\services\LZMotel.Pagamento.API\LZMotel.Pagamento.API.csproj", "{188DA47B-E60F-4A9E-AE0B-C37A1A1B64DB}"
EndProject
Project("{2150E333-8FDC-42A3-9474-1A3956D46DE8}") = "MVC", "MVC", "{BAB3B27F-F35D-4197-A1F3-1B32480FF15C}"
EndProject
Project("{9A19103F-16F7-4668-BE54-9A1E7A4F7556}") = "LZMotel.WebApp.MVC", "src\web\LZMotel.WebApp.MVC\LZMotel.WebApp.MVC.csproj", "{E02E7E04-9788-40BF-A229-6C3E48F83EA6}"
EndProject
Project("{2150E333-8FDC-42A3-9474-1A3956D46DE8}") = "Core", "Core", "{9C8A315A-2B8C-494E-A031-A41FDE1570BF}"
EndProject
Project("{9A19103F-16F7-4668-BE54-9A1E7A4F7556}") = "LZMotel.Core", "src\building blocks\LZMotel.Core\LZMotel.Core.csproj", "{13DC7C28-C2DA-407B-A83D-781FA3EDCC53}"
EndProject
Project("{9A19103F-16F7-4668-BE54-9A1E7A4F7556}") = "LZMotel.Local.API", "src\services\LZMotel.Local.API\LZMotel.Local.API.csproj", "{10A2DB5F-3E18-4361-A867-C8DD7779B551}"
EndProject
Project("{9A19103F-16F7-4668-BE54-9A1E7A4F7556}") = "LZMotel.WebAPI.Core", "src\building blocks\LZMotel.WebAPI.Core\LZMotel.WebAPI.Core.csproj", "{92A0B964-807F-4892-BE87-CE9DDF864226}"
EndProject
Project("{2150E333-8FDC-42A3-9474-1A3956D46DE8}") = "Catalago", "Catalago", "{531B791C-DE1D-47F1-A8D9-A43884ACB78D}"
EndProject
Project("{2150E333-8FDC-42A3-9474-1A3956D46DE8}") = "Comanda", "Comanda", "{EF053BC4-60E8-4074-AB06-22E5F1A51ECF}"
EndProject
Project("{2150E333-8FDC-42A3-9474-1A3956D46DE8}") = "Estoque", "Estoque", "{F741A710-5E5C-4288-821A-B6B70E4159DF}"
EndProject
Project("{2150E333-8FDC-42A3-9474-1A3956D46DE8}") = "Fornecedor", "Fornecedor", "{F85C8C5A-0510-41D8-933C-4B9AF7EB6CD8}"
EndProject
Project("{2150E333-8FDC-42A3-9474-1A3956D46DE8}") = "Identidade", "Identidade", "{87C722CF-D4D1-4B17-9B78-46E72A4587B9}"
EndProject
Project("{2150E333-8FDC-42A3-9474-1A3956D46DE8}") = "Local", "Local", "{8949E2F0-D884-4F2B-AC6B-76B221FCBC48}"
EndProject
Project("{2150E333-8FDC-42A3-9474-1A3956D46DE8}") = "Pagamento", "Pagamento", "{27D83BAE-55D5-4219-866E-0C1E9F499EAF}"
EndProject
Project("{2150E333-8FDC-42A3-9474-1A3956D46DE8}") = "Clientes", "Clientes", "{E9248D3B-401C-4A4A-8636-8FE006BB406C}"
EndProject
Project("{2150E333-8FDC-42A3-9474-1A3956D46DE8}") = "Services", "Services", "{348BB9B1-26B8-4B5E-AEE0-3B5B8B579A0A}"
EndProject
Project("{9A19103F-16F7-4668-BE54-9A1E7A4F7556}") = "LZMotel.Clientes.API", "src\services\LZMotel.Cliente.API\LZMotel.Clientes.API.csproj", "{1F589328-D6B6-4F42-B32E-5D07656B2D3B}"
EndProject
Project("{2150E333-8FDC-42A3-9474-1A3956D46DE8}") = "MessageBus", "MessageBus", "{23E7F27F-A23F-4AF5-B459-2187DCDAF34C}"
EndProject
Project("{9A19103F-16F7-4668-BE54-9A1E7A4F7556}") = "LZMotel.MessageBus", "src\building blocks\LZMotel.MessageBus\LZMotel.MessageBus.csproj", "{3F4FBC29-C1EC-48E4-8EFA-6EC87DF24DF1}"
EndProject
Global
	GlobalSection(SolutionConfigurationPlatforms) = preSolution
		Debug|Any CPU = Debug|Any CPU
		Release|Any CPU = Release|Any CPU
	EndGlobalSection
	GlobalSection(ProjectConfigurationPlatforms) = postSolution
		{DD67405C-D12F-4267-924B-1B26A8DA370C}.Debug|Any CPU.ActiveCfg = Debug|Any CPU
		{DD67405C-D12F-4267-924B-1B26A8DA370C}.Debug|Any CPU.Build.0 = Debug|Any CPU
		{DD67405C-D12F-4267-924B-1B26A8DA370C}.Release|Any CPU.ActiveCfg = Release|Any CPU
		{DD67405C-D12F-4267-924B-1B26A8DA370C}.Release|Any CPU.Build.0 = Release|Any CPU
		{643BE14D-8CB2-4EBA-882B-B47CCBFDAF87}.Debug|Any CPU.ActiveCfg = Debug|Any CPU
		{643BE14D-8CB2-4EBA-882B-B47CCBFDAF87}.Debug|Any CPU.Build.0 = Debug|Any CPU
		{643BE14D-8CB2-4EBA-882B-B47CCBFDAF87}.Release|Any CPU.ActiveCfg = Release|Any CPU
		{643BE14D-8CB2-4EBA-882B-B47CCBFDAF87}.Release|Any CPU.Build.0 = Release|Any CPU
		{EBA5F7B8-7A1C-443C-B76F-276AFA507F2A}.Debug|Any CPU.ActiveCfg = Debug|Any CPU
		{EBA5F7B8-7A1C-443C-B76F-276AFA507F2A}.Debug|Any CPU.Build.0 = Debug|Any CPU
		{EBA5F7B8-7A1C-443C-B76F-276AFA507F2A}.Release|Any CPU.ActiveCfg = Release|Any CPU
		{EBA5F7B8-7A1C-443C-B76F-276AFA507F2A}.Release|Any CPU.Build.0 = Release|Any CPU
		{79711A6C-7A9B-403B-87E8-73D5AF020015}.Debug|Any CPU.ActiveCfg = Debug|Any CPU
		{79711A6C-7A9B-403B-87E8-73D5AF020015}.Debug|Any CPU.Build.0 = Debug|Any CPU
		{79711A6C-7A9B-403B-87E8-73D5AF020015}.Release|Any CPU.ActiveCfg = Release|Any CPU
		{79711A6C-7A9B-403B-87E8-73D5AF020015}.Release|Any CPU.Build.0 = Release|Any CPU
		{19429F2B-DD2F-42EF-8EC3-4BE87109D752}.Debug|Any CPU.ActiveCfg = Debug|Any CPU
		{19429F2B-DD2F-42EF-8EC3-4BE87109D752}.Debug|Any CPU.Build.0 = Debug|Any CPU
		{19429F2B-DD2F-42EF-8EC3-4BE87109D752}.Release|Any CPU.ActiveCfg = Release|Any CPU
		{19429F2B-DD2F-42EF-8EC3-4BE87109D752}.Release|Any CPU.Build.0 = Release|Any CPU
		{188DA47B-E60F-4A9E-AE0B-C37A1A1B64DB}.Debug|Any CPU.ActiveCfg = Debug|Any CPU
		{188DA47B-E60F-4A9E-AE0B-C37A1A1B64DB}.Debug|Any CPU.Build.0 = Debug|Any CPU
		{188DA47B-E60F-4A9E-AE0B-C37A1A1B64DB}.Release|Any CPU.ActiveCfg = Release|Any CPU
		{188DA47B-E60F-4A9E-AE0B-C37A1A1B64DB}.Release|Any CPU.Build.0 = Release|Any CPU
		{E02E7E04-9788-40BF-A229-6C3E48F83EA6}.Debug|Any CPU.ActiveCfg = Debug|Any CPU
		{E02E7E04-9788-40BF-A229-6C3E48F83EA6}.Debug|Any CPU.Build.0 = Debug|Any CPU
		{E02E7E04-9788-40BF-A229-6C3E48F83EA6}.Release|Any CPU.ActiveCfg = Release|Any CPU
		{E02E7E04-9788-40BF-A229-6C3E48F83EA6}.Release|Any CPU.Build.0 = Release|Any CPU
		{13DC7C28-C2DA-407B-A83D-781FA3EDCC53}.Debug|Any CPU.ActiveCfg = Debug|Any CPU
		{13DC7C28-C2DA-407B-A83D-781FA3EDCC53}.Debug|Any CPU.Build.0 = Debug|Any CPU
		{13DC7C28-C2DA-407B-A83D-781FA3EDCC53}.Release|Any CPU.ActiveCfg = Release|Any CPU
		{13DC7C28-C2DA-407B-A83D-781FA3EDCC53}.Release|Any CPU.Build.0 = Release|Any CPU
		{10A2DB5F-3E18-4361-A867-C8DD7779B551}.Debug|Any CPU.ActiveCfg = Debug|Any CPU
		{10A2DB5F-3E18-4361-A867-C8DD7779B551}.Debug|Any CPU.Build.0 = Debug|Any CPU
		{10A2DB5F-3E18-4361-A867-C8DD7779B551}.Release|Any CPU.ActiveCfg = Release|Any CPU
		{10A2DB5F-3E18-4361-A867-C8DD7779B551}.Release|Any CPU.Build.0 = Release|Any CPU
		{92A0B964-807F-4892-BE87-CE9DDF864226}.Debug|Any CPU.ActiveCfg = Debug|Any CPU
		{92A0B964-807F-4892-BE87-CE9DDF864226}.Debug|Any CPU.Build.0 = Debug|Any CPU
		{92A0B964-807F-4892-BE87-CE9DDF864226}.Release|Any CPU.ActiveCfg = Release|Any CPU
		{92A0B964-807F-4892-BE87-CE9DDF864226}.Release|Any CPU.Build.0 = Release|Any CPU
		{1F589328-D6B6-4F42-B32E-5D07656B2D3B}.Debug|Any CPU.ActiveCfg = Debug|Any CPU
		{1F589328-D6B6-4F42-B32E-5D07656B2D3B}.Debug|Any CPU.Build.0 = Debug|Any CPU
		{1F589328-D6B6-4F42-B32E-5D07656B2D3B}.Release|Any CPU.ActiveCfg = Release|Any CPU
		{1F589328-D6B6-4F42-B32E-5D07656B2D3B}.Release|Any CPU.Build.0 = Release|Any CPU
		{3F4FBC29-C1EC-48E4-8EFA-6EC87DF24DF1}.Debug|Any CPU.ActiveCfg = Debug|Any CPU
		{3F4FBC29-C1EC-48E4-8EFA-6EC87DF24DF1}.Debug|Any CPU.Build.0 = Debug|Any CPU
		{3F4FBC29-C1EC-48E4-8EFA-6EC87DF24DF1}.Release|Any CPU.ActiveCfg = Release|Any CPU
		{3F4FBC29-C1EC-48E4-8EFA-6EC87DF24DF1}.Release|Any CPU.Build.0 = Release|Any CPU
	EndGlobalSection
	GlobalSection(SolutionProperties) = preSolution
		HideSolutionNode = FALSE
	EndGlobalSection
	GlobalSection(NestedProjects) = preSolution
		{3C280183-8151-4089-8BB0-43715384FD68} = {7F960724-CB04-4EDC-84DC-ED5544209EA6}
		{57C914D9-98F8-4C20-9A39-AC4C22043207} = {7F960724-CB04-4EDC-84DC-ED5544209EA6}
		{8FA2A3A7-E385-4D39-95F4-E0CD9CA010EC} = {7F960724-CB04-4EDC-84DC-ED5544209EA6}
		{DD67405C-D12F-4267-924B-1B26A8DA370C} = {87C722CF-D4D1-4B17-9B78-46E72A4587B9}
		{643BE14D-8CB2-4EBA-882B-B47CCBFDAF87} = {F741A710-5E5C-4288-821A-B6B70E4159DF}
		{EBA5F7B8-7A1C-443C-B76F-276AFA507F2A} = {531B791C-DE1D-47F1-A8D9-A43884ACB78D}
		{79711A6C-7A9B-403B-87E8-73D5AF020015} = {F85C8C5A-0510-41D8-933C-4B9AF7EB6CD8}
		{19429F2B-DD2F-42EF-8EC3-4BE87109D752} = {EF053BC4-60E8-4074-AB06-22E5F1A51ECF}
		{188DA47B-E60F-4A9E-AE0B-C37A1A1B64DB} = {27D83BAE-55D5-4219-866E-0C1E9F499EAF}
		{BAB3B27F-F35D-4197-A1F3-1B32480FF15C} = {8FA2A3A7-E385-4D39-95F4-E0CD9CA010EC}
		{E02E7E04-9788-40BF-A229-6C3E48F83EA6} = {BAB3B27F-F35D-4197-A1F3-1B32480FF15C}
		{9C8A315A-2B8C-494E-A031-A41FDE1570BF} = {3C280183-8151-4089-8BB0-43715384FD68}
		{13DC7C28-C2DA-407B-A83D-781FA3EDCC53} = {9C8A315A-2B8C-494E-A031-A41FDE1570BF}
		{10A2DB5F-3E18-4361-A867-C8DD7779B551} = {8949E2F0-D884-4F2B-AC6B-76B221FCBC48}
		{92A0B964-807F-4892-BE87-CE9DDF864226} = {348BB9B1-26B8-4B5E-AEE0-3B5B8B579A0A}
		{531B791C-DE1D-47F1-A8D9-A43884ACB78D} = {57C914D9-98F8-4C20-9A39-AC4C22043207}
		{EF053BC4-60E8-4074-AB06-22E5F1A51ECF} = {57C914D9-98F8-4C20-9A39-AC4C22043207}
		{F741A710-5E5C-4288-821A-B6B70E4159DF} = {57C914D9-98F8-4C20-9A39-AC4C22043207}
		{F85C8C5A-0510-41D8-933C-4B9AF7EB6CD8} = {57C914D9-98F8-4C20-9A39-AC4C22043207}
		{87C722CF-D4D1-4B17-9B78-46E72A4587B9} = {57C914D9-98F8-4C20-9A39-AC4C22043207}
		{8949E2F0-D884-4F2B-AC6B-76B221FCBC48} = {57C914D9-98F8-4C20-9A39-AC4C22043207}
		{27D83BAE-55D5-4219-866E-0C1E9F499EAF} = {57C914D9-98F8-4C20-9A39-AC4C22043207}
		{E9248D3B-401C-4A4A-8636-8FE006BB406C} = {57C914D9-98F8-4C20-9A39-AC4C22043207}
		{348BB9B1-26B8-4B5E-AEE0-3B5B8B579A0A} = {3C280183-8151-4089-8BB0-43715384FD68}
		{1F589328-D6B6-4F42-B32E-5D07656B2D3B} = {E9248D3B-401C-4A4A-8636-8FE006BB406C}
		{23E7F27F-A23F-4AF5-B459-2187DCDAF34C} = {3C280183-8151-4089-8BB0-43715384FD68}
		{3F4FBC29-C1EC-48E4-8EFA-6EC87DF24DF1} = {23E7F27F-A23F-4AF5-B459-2187DCDAF34C}
	EndGlobalSection
	GlobalSection(ExtensibilityGlobals) = postSolution
		SolutionGuid = {27904459-1DDB-4F6E-924F-067AD8A94002}
	EndGlobalSection
EndGlobal
